// !$*UTF8*$!
{
	archiveVersion = 1;
	classes = {
	};
	objectVersion = 46;
	objects = {

/* Begin PBXBuildFile section */
		DCF1348C1BD8BD4A0059F43D /* AppDelegate.swift in Sources */ = {isa = PBXBuildFile; fileRef = DCF1348B1BD8BD4A0059F43D /* AppDelegate.swift */; };
		DCF1348E1BD8BD4A0059F43D /* ViewController.swift in Sources */ = {isa = PBXBuildFile; fileRef = DCF1348D1BD8BD4A0059F43D /* ViewController.swift */; };
		DCF134911BD8BD4A0059F43D /* Main.storyboard in Resources */ = {isa = PBXBuildFile; fileRef = DCF1348F1BD8BD4A0059F43D /* Main.storyboard */; };
		DCF134931BD8BD4A0059F43D /* Images.xcassets in Resources */ = {isa = PBXBuildFile; fileRef = DCF134921BD8BD4A0059F43D /* Images.xcassets */; };
		DCF134961BD8BD4A0059F43D /* LaunchScreen.xib in Resources */ = {isa = PBXBuildFile; fileRef = DCF134941BD8BD4A0059F43D /* LaunchScreen.xib */; };
		DCF134A21BD8BD4A0059F43D /* getAPISampleTests.swift in Sources */ = {isa = PBXBuildFile; fileRef = DCF134A11BD8BD4A0059F43D /* getAPISampleTests.swift */; };
/* End PBXBuildFile section */

/* Begin PBXContainerItemProxy section */
		DCF1349C1BD8BD4A0059F43D /* PBXContainerItemProxy */ = {
			isa = PBXContainerItemProxy;
			containerPortal = DCF1347E1BD8BD490059F43D /* Project object */;
			proxyType = 1;
			remoteGlobalIDString = DCF134851BD8BD4A0059F43D;
			remoteInfo = getAPISample;
		};
/* End PBXContainerItemProxy section */

/* Begin PBXFileReference section */
		DCF134861BD8BD4A0059F43D /* getAPISample.app */ = {isa = PBXFileReference; explicitFileType = wrapper.application; includeInIndex = 0; path = getAPISample.app; sourceTree = BUILT_PRODUCTS_DIR; };
		DCF1348A1BD8BD4A0059F43D /* Info.plist */ = {isa = PBXFileReference; lastKnownFileType = text.plist.xml; path = Info.plist; sourceTree = "<group>"; };
		DCF1348B1BD8BD4A0059F43D /* AppDelegate.swift */ = {isa = PBXFileReference; lastKnownFileType = sourcecode.swift; path = AppDelegate.swift; sourceTree = "<group>"; };
		DCF1348D1BD8BD4A0059F43D /* ViewController.swift */ = {isa = PBXFileReference; lastKnownFileType = sourcecode.swift; path = ViewController.swift; sourceTree = "<group>"; };
		DCF134901BD8BD4A0059F43D /* Base */ = {isa = PBXFileReference; lastKnownFileType = file.storyboard; name = Base; path = Base.lproj/Main.storyboard; sourceTree = "<group>"; };
		DCF134921BD8BD4A0059F43D /* Images.xcassets */ = {isa = PBXFileReference; lastKnownFileType = folder.assetcatalog; path = Images.xcassets; sourceTree = "<group>"; };
		DCF134951BD8BD4A0059F43D /* Base */ = {isa = PBXFileReference; lastKnownFileType = file.xib; name = Base; path = Base.lproj/LaunchScreen.xib; sourceTree = "<group>"; };
		DCF1349B1BD8BD4A0059F43D /* getAPISampleTests.xctest */ = {isa = PBXFileReference; explicitFileType = wrapper.cfbundle; includeInIndex = 0; path = getAPISampleTests.xctest; sourceTree = BUILT_PRODUCTS_DIR; };
		DCF134A01BD8BD4A0059F43D /* Info.plist */ = {isa = PBXFileReference; lastKnownFileType = text.plist.xml; path = Info.plist; sourceTree = "<group>"; };
		DCF134A11BD8BD4A0059F43D /* getAPISampleTests.swift */ = {isa = PBXFileReference; lastKnownFileType = sourcecode.swift; path = getAPISampleTests.swift; sourceTree = "<group>"; };
/* End PBXFileReference section */

/* Begin PBXFrameworksBuildPhase section */
		DCF134831BD8BD4A0059F43D /* Frameworks */ = {
			isa = PBXFrameworksBuildPhase;
			buildActionMask = 2147483647;
			files = (
			);
			runOnlyForDeploymentPostprocessing = 0;
		};
		DCF134981BD8BD4A0059F43D /* Frameworks */ = {
			isa = PBXFrameworksBuildPhase;
			buildActionMask = 2147483647;
			files = (
			);
			runOnlyForDeploymentPostprocessing = 0;
		};
/* End PBXFrameworksBuildPhase section */

/* Begin PBXGroup section */
		DCF1347D1BD8BD490059F43D = {
			isa = PBXGroup;
			children = (
				DCF134881BD8BD4A0059F43D /* getAPISample */,
				DCF1349E1BD8BD4A0059F43D /* getAPISampleTests */,
				DCF134871BD8BD4A0059F43D /* Products */,
			);
			sourceTree = "<group>";
		};
		DCF134871BD8BD4A0059F43D /* Products */ = {
			isa = PBXGroup;
			children = (
				DCF134861BD8BD4A0059F43D /* getAPISample.app */,
				DCF1349B1BD8BD4A0059F43D /* getAPISampleTests.xctest */,
			);
			name = Products;
			sourceTree = "<group>";
		};
		DCF134881BD8BD4A0059F43D /* getAPISample */ = {
			isa = PBXGroup;
			children = (
				DCF1348B1BD8BD4A0059F43D /* AppDelegate.swift */,
				DCF1348D1BD8BD4A0059F43D /* ViewController.swift */,
				DCF1348F1BD8BD4A0059F43D /* Main.storyboard */,
				DCF134921BD8BD4A0059F43D /* Images.xcassets */,
				DCF134941BD8BD4A0059F43D /* LaunchScreen.xib */,
				DCF134891BD8BD4A0059F43D /* Supporting Files */,
			);
			path = getAPISample;
			sourceTree = "<group>";
		};
		DCF134891BD8BD4A0059F43D /* Supporting Files */ = {
			isa = PBXGroup;
			children = (
				DCF1348A1BD8BD4A0059F43D /* Info.plist */,
			);
			name = "Supporting Files";
			sourceTree = "<group>";
		};
		DCF1349E1BD8BD4A0059F43D /* getAPISampleTests */ = {
			isa = PBXGroup;
			children = (
				DCF134A11BD8BD4A0059F43D /* getAPISampleTests.swift */,
				DCF1349F1BD8BD4A0059F43D /* Supporting Files */,
			);
			path = getAPISampleTests;
			sourceTree = "<group>";
		};
		DCF1349F1BD8BD4A0059F43D /* Supporting Files */ = {
			isa = PBXGroup;
			children = (
				DCF134A01BD8BD4A0059F43D /* Info.plist */,
			);
			name = "Supporting Files";
			sourceTree = "<group>";
		};
/* End PBXGroup section */

/* Begin PBXNativeTarget section */
		DCF134851BD8BD4A0059F43D /* getAPISample */ = {
			isa = PBXNativeTarget;
			buildConfigurationList = DCF134A51BD8BD4A0059F43D /* Build configuration list for PBXNativeTarget "getAPISample" */;
			buildPhases = (
				DCF134821BD8BD4A0059F43D /* Sources */,
				DCF134831BD8BD4A0059F43D /* Frameworks */,
				DCF134841BD8BD4A0059F43D /* Resources */,
			);
			buildRules = (
			);
			dependencies = (
			);
			name = getAPISample;
			productName = getAPISample;
			productReference = DCF134861BD8BD4A0059F43D /* getAPISample.app */;
			productType = "com.apple.product-type.application";
		};
		DCF1349A1BD8BD4A0059F43D /* getAPISampleTests */ = {
			isa = PBXNativeTarget;
			buildConfigurationList = DCF134A81BD8BD4A0059F43D /* Build configuration list for PBXNativeTarget "getAPISampleTests" */;
			buildPhases = (
				DCF134971BD8BD4A0059F43D /* Sources */,
				DCF134981BD8BD4A0059F43D /* Frameworks */,
				DCF134991BD8BD4A0059F43D /* Resources */,
			);
			buildRules = (
			);
			dependencies = (
				DCF1349D1BD8BD4A0059F43D /* PBXTargetDependency */,
			);
			name = getAPISampleTests;
			productName = getAPISampleTests;
			productReference = DCF1349B1BD8BD4A0059F43D /* getAPISampleTests.xctest */;
			productType = "com.apple.product-type.bundle.unit-test";
		};
/* End PBXNativeTarget section */

/* Begin PBXProject section */
		DCF1347E1BD8BD490059F43D /* Project object */ = {
			isa = PBXProject;
			attributes = {
				LastUpgradeCheck = 0640;
				ORGANIZATIONNAME = A.M;
				TargetAttributes = {
					DCF134851BD8BD4A0059F43D = {
						CreatedOnToolsVersion = 6.4;
					};
					DCF1349A1BD8BD4A0059F43D = {
						CreatedOnToolsVersion = 6.4;
						TestTargetID = DCF134851BD8BD4A0059F43D;
					};
				};
			};
			buildConfigurationList = DCF134811BD8BD490059F43D /* Build configuration list for PBXProject "getAPISample" */;
			compatibilityVersion = "Xcode 3.2";
			developmentRegion = English;
			hasScannedForEncodings = 0;
			knownRegions = (
				en,
				Base,
			);
			mainGroup = DCF1347D1BD8BD490059F43D;
			productRefGroup = DCF134871BD8BD4A0059F43D /* Products */;
			projectDirPath = "";
			projectRoot = "";
			targets = (
				DCF134851BD8BD4A0059F43D /* getAPISample */,
				DCF1349A1BD8BD4A0059F43D /* getAPISampleTests */,
			);
		};
/* End PBXProject section */

/* Begin PBXResourcesBuildPhase section */
		DCF134841BD8BD4A0059F43D /* Resources */ = {
			isa = PBXResourcesBuildPhase;
			buildActionMask = 2147483647;
			files = (
				DCF134911BD8BD4A0059F43D /* Main.storyboard in Resources */,
				DCF134961BD8BD4A0059F43D /* LaunchScreen.xib in Resources */,
				DCF134931BD8BD4A0059F43D /* Images.xcassets in Resources */,
			);
			runOnlyForDeploymentPostprocessing = 0;
		};
		DCF134991BD8BD4A0059F43D /* Resources */ = {
			isa = PBXResourcesBuildPhase;
			buildActionMask = 2147483647;
			files = (
			);
			runOnlyForDeploymentPostprocessing = 0;
		};
/* End PBXResourcesBuildPhase section */

/* Begin PBXSourcesBuildPhase section */
		DCF134821BD8BD4A0059F43D /* Sources */ = {
			isa = PBXSourcesBuildPhase;
			buildActionMask = 2147483647;
			files = (
				DCF1348E1BD8BD4A0059F43D /* ViewController.swift in Sources */,
				DCF1348C1BD8BD4A0059F43D /* AppDelegate.swift in Sources */,
			);
			runOnlyForDeploymentPostprocessing = 0;
		};
		DCF134971BD8BD4A0059F43D /* Sources */ = {
			isa = PBXSourcesBuildPhase;
			buildActionMask = 2147483647;
			files = (
				DCF134A21BD8BD4A0059F43D /* getAPISampleTests.swift in Sources */,
			);
			runOnlyForDeploymentPostprocessing = 0;
		};
/* End PBXSourcesBuildPhase section */

/* Begin PBXTargetDependency section */
		DCF1349D1BD8BD4A0059F43D /* PBXTargetDependency */ = {
			isa = PBXTargetDependency;
			target = DCF134851BD8BD4A0059F43D /* getAPISample */;
			targetProxy = DCF1349C1BD8BD4A0059F43D /* PBXContainerItemProxy */;
		};
/* End PBXTargetDependency section */

/* Begin PBXVariantGroup section */
		DCF1348F1BD8BD4A0059F43D /* Main.storyboard */ = {
			isa = PBXVariantGroup;
			children = (
				DCF134901BD8BD4A0059F43D /* Base */,
			);
			name = Main.storyboard;
			sourceTree = "<group>";
		};
		DCF134941BD8BD4A0059F43D /* LaunchScreen.xib */ = {
			isa = PBXVariantGroup;
			children = (
				DCF134951BD8BD4A0059F43D /* Base */,
			);
			name = LaunchScreen.xib;
			sourceTree = "<group>";
		};
/* End PBXVariantGroup section */

/* Begin XCBuildConfiguration section */
		DCF134A31BD8BD4A0059F43D /* Debug */ = {
			isa = XCBuildConfiguration;
			buildSettings = {
				ALWAYS_SEARCH_USER_PATHS = NO;
				CLANG_CXX_LANGUAGE_STANDARD = "gnu++0x";
				CLANG_CXX_LIBRARY = "libc++";
				CLANG_ENABLE_MODULES = YES;
				CLANG_ENABLE_OBJC_ARC = YES;
				CLANG_WARN_BOOL_CONVERSION = YES;
				CLANG_WARN_CONSTANT_CONVERSION = YES;
				CLANG_WARN_DIRECT_OBJC_ISA_USAGE = YES_ERROR;
				CLANG_WARN_EMPTY_BODY = YES;
				CLANG_WARN_ENUM_CONVERSION = YES;
				CLANG_WARN_INT_CONVERSION = YES;
				CLANG_WARN_OBJC_ROOT_CLASS = YES_ERROR;
				CLANG_WARN_UNREACHABLE_CODE = YES;
				CLANG_WARN__DUPLICATE_METHOD_MATCH = YES;
				"CODE_SIGN_IDENTITY[sdk=iphoneos*]" = "iPhone Developer";
				COPY_PHASE_STRIP = NO;
				DEBUG_INFORMATION_FORMAT = "dwarf-with-dsym";
				ENABLE_STRICT_OBJC_MSGSEND = YES;
				GCC_C_LANGUAGE_STANDARD = gnu99;
				GCC_DYNAMIC_NO_PIC = NO;
				GCC_NO_COMMON_BLOCKS = YES;
				GCC_OPTIMIZATION_LEVEL = 0;
				GCC_PREPROCESSOR_DEFINITIONS = (
					"DEBUG=1",
					"$(inherited)",
				);
				GCC_SYMBOLS_PRIVATE_EXTERN = NO;
				GCC_WARN_64_TO_32_BIT_CONVERSION = YES;
				GCC_WARN_ABOUT_RETURN_TYPE = YES_ERROR;
				GCC_WARN_UNDECLARED_SELECTOR = YES;
				GCC_WARN_UNINITIALIZED_AUTOS = YES_AGGRESSIVE;
				GCC_WARN_UNUSED_FUNCTION = YES;
				GCC_WARN_UNUSED_VARIABLE = YES;
				IPHONEOS_DEPLOYMENT_TARGET = 8.4;
				MTL_ENABLE_DEBUG_INFO = YES;
				ONLY_ACTIVE_ARCH = YES;
				SDKROOT = iphoneos;
				SWIFT_OPTIMIZATION_LEVEL = "-Onone";
			};
			name = Debug;
		};
		DCF134A41BD8BD4A0059F43D /* Release */ = {
			isa = XCBuildConfiguration;
			buildSettings = {
				ALWAYS_SEARCH_USER_PATHS = NO;
				CLANG_CXX_LANGUAGE_STANDARD = "gnu++0x";
				CLANG_CXX_LIBRARY = "libc++";
				CLANG_ENABLE_MODULES = YES;
				CLANG_ENABLE_OBJC_ARC = YES;
				CLANG_WARN_BOOL_CONVERSION = YES;
				CLANG_WARN_CONSTANT_CONVERSION = YES;
				CLANG_WARN_DIRECT_OBJC_ISA_USAGE = YES_ERROR;
				CLANG_WARN_EMPTY_BODY = YES;
				CLANG_WARN_ENUM_CONVERSION = YES;
				CLANG_WARN_INT_CONVERSION = YES;
				CLANG_WARN_OBJC_ROOT_CLASS = YES_ERROR;
				CLANG_WARN_UNREACHABLE_CODE = YES;
				CLANG_WARN__DUPLICATE_METHOD_MATCH = YES;
				"CODE_SIGN_IDENTITY[sdk=iphoneos*]" = "iPhone Developer";
				COPY_PHASE_STRIP = NO;
				DEBUG_INFORMATION_FORMAT = "dwarf-with-dsym";
				ENABLE_NS_ASSERTIONS = NO;
				ENABLE_STRICT_OBJC_MSGSEND = YES;
				GCC_C_LANGUAGE_STANDARD = gnu99;
				GCC_NO_COMMON_BLOCKS = YES;
				GCC_WARN_64_TO_32_BIT_CONVERSION = YES;
				GCC_WARN_ABOUT_RETURN_TYPE = YES_ERROR;
				GCC_WARN_UNDECLARED_SELECTOR = YES;
				GCC_WARN_UNINITIALIZED_AUTOS = YES_AGGRESSIVE;
				GCC_WARN_UNUSED_FUNCTION = YES;
				GCC_WARN_UNUSED_VARIABLE = YES;
				IPHONEOS_DEPLOYMENT_TARGET = 8.4;
				MTL_ENABLE_DEBUG_INFO = NO;
				SDKROOT = iphoneos;
				VALIDATE_PRODUCT = YES;
			};
			name = Release;
		};
		DCF134A61BD8BD4A0059F43D /* Debug */ = {
			isa = XCBuildConfiguration;
			buildSettings = {
				ASSETCATALOG_COMPILER_APPICON_NAME = AppIcon;
				INFOPLIST_FILE = getAPISample/Info.plist;
				LD_RUNPATH_SEARCH_PATHS = "$(inherited) @executable_path/Frameworks";
				PRODUCT_NAME = "$(TARGET_NAME)";
			};
			name = Debug;
		};
		DCF134A71BD8BD4A0059F43D /* Release */ = {
			isa = XCBuildConfiguration;
			buildSettings = {
				ASSETCATALOG_COMPILER_APPICON_NAME = AppIcon;
				INFOPLIST_FILE = getAPISample/Info.plist;
				LD_RUNPATH_SEARCH_PATHS = "$(inherited) @executable_path/Frameworks";
				PRODUCT_NAME = "$(TARGET_NAME)";
			};
			name = Release;
		};
		DCF134A91BD8BD4A0059F43D /* Debug */ = {
			isa = XCBuildConfiguration;
			buildSettings = {
				BUNDLE_LOADER = "$(TEST_HOST)";
				FRAMEWORK_SEARCH_PATHS = (
					"$(SDKROOT)/Developer/Library/Frameworks",
					"$(inherited)",
				);
				GCC_PREPROCESSOR_DEFINITIONS = (
					"DEBUG=1",
					"$(inherited)",
				);
				INFOPLIST_FILE = getAPISampleTests/Info.plist;
				LD_RUNPATH_SEARCH_PATHS = "$(inherited) @executable_path/Frameworks @loader_path/Frameworks";
				PRODUCT_NAME = "$(TARGET_NAME)";
				TEST_HOST = "$(BUILT_PRODUCTS_DIR)/getAPISample.app/getAPISample";
			};
			name = Debug;
		};
		DCF134AA1BD8BD4A0059F43D /* Release */ = {
			isa = XCBuildConfiguration;
			buildSettings = {
				BUNDLE_LOADER = "$(TEST_HOST)";
				FRAMEWORK_SEARCH_PATHS = (
					"$(SDKROOT)/Developer/Library/Frameworks",
					"$(inherited)",
				);
				INFOPLIST_FILE = getAPISampleTests/Info.plist;
				LD_RUNPATH_SEARCH_PATHS = "$(inherited) @executable_path/Frameworks @loader_path/Frameworks";
				PRODUCT_NAME = "$(TARGET_NAME)";
				TEST_HOST = "$(BUILT_PRODUCTS_DIR)/getAPISample.app/getAPISample";
			};
			name = Release;
		};
/* End XCBuildConfiguration section */

/* Begin XCConfigurationList section */
		DCF134811BD8BD490059F43D /* Build configuration list for PBXProject "getAPISample" */ = {
			isa = XCConfigurationList;
			buildConfigurations = (
				DCF134A31BD8BD4A0059F43D /* Debug */,
				DCF134A41BD8BD4A0059F43D /* Release */,
			);
			defaultConfigurationIsVisible = 0;
			defaultConfigurationName = Release;
		};
		DCF134A51BD8BD4A0059F43D /* Build configuration list for PBXNativeTarget "getAPISample" */ = {
			isa = XCConfigurationList;
			buildConfigurations = (
				DCF134A61BD8BD4A0059F43D /* Debug */,
				DCF134A71BD8BD4A0059F43D /* Release */,
			);
			defaultConfigurationIsVisible = 0;
		};
		DCF134A81BD8BD4A0059F43D /* Build configuration list for PBXNativeTarget "getAPISampleTests" */ = {
			isa = XCConfigurationList;
			buildConfigurations = (
				DCF134A91BD8BD4A0059F43D /* Debug */,
				DCF134AA1BD8BD4A0059F43D /* Release */,
			);
			defaultConfigurationIsVisible = 0;
		};
/* End XCConfigurationList section */
	};
	rootObject = DCF1347E1BD8BD490059F43D /* Project object */;
}
